
Microsoft Visual Studio Solution File, Format Version 12.00
# Visual Studio Version 16
VisualStudioVersion = 16.0.29613.14
MinimumVisualStudioVersion = 10.0.40219.1
Project("{FAE04EC0-301F-11D3-BF4B-00C04F79EFBC}") = "market", "market\market.csproj", "{DE901602-0788-4F01-BE57-B499A2DF591E}"
EndProject
Global
	GlobalSection(SolutionConfigurationPlatforms) = preSolution
		Debug|Any CPU = Debug|Any CPU
		Release|Any CPU = Release|Any CPU
	EndGlobalSection
	GlobalSection(ProjectConfigurationPlatforms) = postSolution
		{DE901602-0788-4F01-BE57-B499A2DF591E}.Debug|Any CPU.ActiveCfg = Debug|Any CPU
		{DE901602-0788-4F01-BE57-B499A2DF591E}.Debug|Any CPU.Build.0 = Debug|Any CPU
		{DE901602-0788-4F01-BE57-B499A2DF591E}.Release|Any CPU.ActiveCfg = Release|Any CPU
		{DE901602-0788-4F01-BE57-B499A2DF591E}.Release|Any CPU.Build.0 = Release|Any CPU
	EndGlobalSection
	GlobalSection(SolutionProperties) = preSolution
		HideSolutionNode = FALSE
	EndGlobalSection
	GlobalSection(ExtensibilityGlobals) = postSolution
		SolutionGuid = {CA0EFDA2-C347-4EA3-A16C-19BFD605D2E9}
	EndGlobalSection
EndGlobal
